// !$*UTF8*$!
{
	archiveVersion = 1;
	classes = {
	};
	objectVersion = 46;
	objects = {

/* Begin PBXBuildFile section */
		C594707C1A0A71EC004F809D /* AppDelegate.swift in Sources */ = {isa = PBXBuildFile; fileRef = C594707B1A0A71EC004F809D /* AppDelegate.swift */; };
		C594707E1A0A71EC004F809D /* ViewController.swift in Sources */ = {isa = PBXBuildFile; fileRef = C594707D1A0A71EC004F809D /* ViewController.swift */; };
		C59470811A0A71EC004F809D /* Main.storyboard in Resources */ = {isa = PBXBuildFile; fileRef = C594707F1A0A71EC004F809D /* Main.storyboard */; };
		C59470831A0A71EC004F809D /* Images.xcassets in Resources */ = {isa = PBXBuildFile; fileRef = C59470821A0A71EC004F809D /* Images.xcassets */; };
		C59470861A0A71EC004F809D /* LaunchScreen.xib in Resources */ = {isa = PBXBuildFile; fileRef = C59470841A0A71EC004F809D /* LaunchScreen.xib */; };
		C59470921A0A71EC004F809D /* PostcardTests.swift in Sources */ = {isa = PBXBuildFile; fileRef = C59470911A0A71EC004F809D /* PostcardTests.swift */; };
/* End PBXBuildFile section */

/* Begin PBXContainerItemProxy section */
		C594708C1A0A71EC004F809D /* PBXContainerItemProxy */ = {
			isa = PBXContainerItemProxy;
			containerPortal = C594706E1A0A71EB004F809D /* Project object */;
			proxyType = 1;
			remoteGlobalIDString = C59470751A0A71EB004F809D;
			remoteInfo = Postcard;
		};
/* End PBXContainerItemProxy section */

/* Begin PBXFileReference section */
		C59470761A0A71EB004F809D /* Postcard.app */ = {isa = PBXFileReference; explicitFileType = wrapper.application; includeInIndex = 0; path = Postcard.app; sourceTree = BUILT_PRODUCTS_DIR; };
		C594707A1A0A71EC004F809D /* Info.plist */ = {isa = PBXFileReference; lastKnownFileType = text.plist.xml; path = Info.plist; sourceTree = "<group>"; };
		C594707B1A0A71EC004F809D /* AppDelegate.swift */ = {isa = PBXFileReference; lastKnownFileType = sourcecode.swift; path = AppDelegate.swift; sourceTree = "<group>"; };
		C594707D1A0A71EC004F809D /* ViewController.swift */ = {isa = PBXFileReference; lastKnownFileType = sourcecode.swift; path = ViewController.swift; sourceTree = "<group>"; };
		C59470801A0A71EC004F809D /* Base */ = {isa = PBXFileReference; lastKnownFileType = file.storyboard; name = Base; path = Base.lproj/Main.storyboard; sourceTree = "<group>"; };
		C59470821A0A71EC004F809D /* Images.xcassets */ = {isa = PBXFileReference; lastKnownFileType = folder.assetcatalog; path = Images.xcassets; sourceTree = "<group>"; };
		C59470851A0A71EC004F809D /* Base */ = {isa = PBXFileReference; lastKnownFileType = file.xib; name = Base; path = Base.lproj/LaunchScreen.xib; sourceTree = "<group>"; };
		C594708B1A0A71EC004F809D /* PostcardTests.xctest */ = {isa = PBXFileReference; explicitFileType = wrapper.cfbundle; includeInIndex = 0; path = PostcardTests.xctest; sourceTree = BUILT_PRODUCTS_DIR; };
		C59470901A0A71EC004F809D /* Info.plist */ = {isa = PBXFileReference; lastKnownFileType = text.plist.xml; path = Info.plist; sourceTree = "<group>"; };
		C59470911A0A71EC004F809D /* PostcardTests.swift */ = {isa = PBXFileReference; lastKnownFileType = sourcecode.swift; path = PostcardTests.swift; sourceTree = "<group>"; };
/* End PBXFileReference section */

/* Begin PBXFrameworksBuildPhase section */
		C59470731A0A71EB004F809D /* Frameworks */ = {
			isa = PBXFrameworksBuildPhase;
			buildActionMask = 2147483647;
			files = (
			);
			runOnlyForDeploymentPostprocessing = 0;
		};
		C59470881A0A71EC004F809D /* Frameworks */ = {
			isa = PBXFrameworksBuildPhase;
			buildActionMask = 2147483647;
			files = (
			);
			runOnlyForDeploymentPostprocessing = 0;
		};
/* End PBXFrameworksBuildPhase section */

/* Begin PBXGroup section */
		C594706D1A0A71EB004F809D = {
			isa = PBXGroup;
			children = (
				C59470781A0A71EB004F809D /* Postcard */,
				C594708E1A0A71EC004F809D /* PostcardTests */,
				C59470771A0A71EB004F809D /* Products */,
			);
			sourceTree = "<group>";
		};
		C59470771A0A71EB004F809D /* Products */ = {
			isa = PBXGroup;
			children = (
				C59470761A0A71EB004F809D /* Postcard.app */,
				C594708B1A0A71EC004F809D /* PostcardTests.xctest */,
			);
			name = Products;
			sourceTree = "<group>";
		};
		C59470781A0A71EB004F809D /* Postcard */ = {
			isa = PBXGroup;
			children = (
				C594707B1A0A71EC004F809D /* AppDelegate.swift */,
				C594707D1A0A71EC004F809D /* ViewController.swift */,
				C594707F1A0A71EC004F809D /* Main.storyboard */,
				C59470821A0A71EC004F809D /* Images.xcassets */,
				C59470841A0A71EC004F809D /* LaunchScreen.xib */,
				C59470791A0A71EC004F809D /* Supporting Files */,
			);
			path = Postcard;
			sourceTree = "<group>";
		};
		C59470791A0A71EC004F809D /* Supporting Files */ = {
			isa = PBXGroup;
			children = (
				C594707A1A0A71EC004F809D /* Info.plist */,
			);
			name = "Supporting Files";
			sourceTree = "<group>";
		};
		C594708E1A0A71EC004F809D /* PostcardTests */ = {
			isa = PBXGroup;
			children = (
				C59470911A0A71EC004F809D /* PostcardTests.swift */,
				C594708F1A0A71EC004F809D /* Supporting Files */,
			);
			path = PostcardTests;
			sourceTree = "<group>";
		};
		C594708F1A0A71EC004F809D /* Supporting Files */ = {
			isa = PBXGroup;
			children = (
				C59470901A0A71EC004F809D /* Info.plist */,
			);
			name = "Supporting Files";
			sourceTree = "<group>";
		};
/* End PBXGroup section */

/* Begin PBXNativeTarget section */
		C59470751A0A71EB004F809D /* Postcard */ = {
			isa = PBXNativeTarget;
			buildConfigurationList = C59470951A0A71EC004F809D /* Build configuration list for PBXNativeTarget "Postcard" */;
			buildPhases = (
				C59470721A0A71EB004F809D /* Sources */,
				C59470731A0A71EB004F809D /* Frameworks */,
				C59470741A0A71EB004F809D /* Resources */,
			);
			buildRules = (
			);
			dependencies = (
			);
			name = Postcard;
			productName = Postcard;
			productReference = C59470761A0A71EB004F809D /* Postcard.app */;
			productType = "com.apple.product-type.application";
		};
		C594708A1A0A71EC004F809D /* PostcardTests */ = {
			isa = PBXNativeTarget;
			buildConfigurationList = C59470981A0A71EC004F809D /* Build configuration list for PBXNativeTarget "PostcardTests" */;
			buildPhases = (
				C59470871A0A71EC004F809D /* Sources */,
				C59470881A0A71EC004F809D /* Frameworks */,
				C59470891A0A71EC004F809D /* Resources */,
			);
			buildRules = (
			);
			dependencies = (
				C594708D1A0A71EC004F809D /* PBXTargetDependency */,
			);
			name = PostcardTests;
			productName = PostcardTests;
			productReference = C594708B1A0A71EC004F809D /* PostcardTests.xctest */;
			productType = "com.apple.product-type.bundle.unit-test";
		};
/* End PBXNativeTarget section */

/* Begin PBXProject section */
		C594706E1A0A71EB004F809D /* Project object */ = {
			isa = PBXProject;
			attributes = {
				LastUpgradeCheck = 0610;
				ORGANIZATIONNAME = MatFrancisco;
				TargetAttributes = {
					C59470751A0A71EB004F809D = {
						CreatedOnToolsVersion = 6.1;
					};
					C594708A1A0A71EC004F809D = {
						CreatedOnToolsVersion = 6.1;
						TestTargetID = C59470751A0A71EB004F809D;
					};
				};
			};
			buildConfigurationList = C59470711A0A71EB004F809D /* Build configuration list for PBXProject "Postcard" */;
			compatibilityVersion = "Xcode 3.2";
			developmentRegion = English;
			hasScannedForEncodings = 0;
			knownRegions = (
				en,
				Base,
			);
			mainGroup = C594706D1A0A71EB004F809D;
			productRefGroup = C59470771A0A71EB004F809D /* Products */;
			projectDirPath = "";
			projectRoot = "";
			targets = (
				C59470751A0A71EB004F809D /* Postcard */,
				C594708A1A0A71EC004F809D /* PostcardTests */,
			);
		};
/* End PBXProject section */

/* Begin PBXResourcesBuildPhase section */
		C59470741A0A71EB004F809D /* Resources */ = {
			isa = PBXResourcesBuildPhase;
			buildActionMask = 2147483647;
			files = (
				C59470811A0A71EC004F809D /* Main.storyboard in Resources */,
				C59470861A0A71EC004F809D /* LaunchScreen.xib in Resources */,
				C59470831A0A71EC004F809D /* Images.xcassets in Resources */,
			);
			runOnlyForDeploymentPostprocessing = 0;
		};
		C59470891A0A71EC004F809D /* Resources */ = {
			isa = PBXResourcesBuildPhase;
			buildActionMask = 2147483647;
			files = (
			);
			runOnlyForDeploymentPostprocessing = 0;
		};
/* End PBXResourcesBuildPhase section */

/* Begin PBXSourcesBuildPhase section */
		C59470721A0A71EB004F809D /* Sources */ = {
			isa = PBXSourcesBuildPhase;
			buildActionMask = 2147483647;
			files = (
				C594707E1A0A71EC004F809D /* ViewController.swift in Sources */,
				C594707C1A0A71EC004F809D /* AppDelegate.swift in Sources */,
			);
			runOnlyForDeploymentPostprocessing = 0;
		};
		C59470871A0A71EC004F809D /* Sources */ = {
			isa = PBXSourcesBuildPhase;
			buildActionMask = 2147483647;
			files = (
				C59470921A0A71EC004F809D /* PostcardTests.swift in Sources */,
			);
			runOnlyForDeploymentPostprocessing = 0;
		};
/* End PBXSourcesBuildPhase section */

/* Begin PBXTargetDependency section */
		C594708D1A0A71EC004F809D /* PBXTargetDependency */ = {
			isa = PBXTargetDependency;
			target = C59470751A0A71EB004F809D /* Postcard */;
			targetProxy = C594708C1A0A71EC004F809D /* PBXContainerItemProxy */;
		};
/* End PBXTargetDependency section */

/* Begin PBXVariantGroup section */
		C594707F1A0A71EC004F809D /* Main.storyboard */ = {
			isa = PBXVariantGroup;
			children = (
				C59470801A0A71EC004F809D /* Base */,
			);
			name = Main.storyboard;
			sourceTree = "<group>";
		};
		C59470841A0A71EC004F809D /* LaunchScreen.xib */ = {
			isa = PBXVariantGroup;
			children = (
				C59470851A0A71EC004F809D /* Base */,
			);
			name = LaunchScreen.xib;
			sourceTree = "<group>";
		};
/* End PBXVariantGroup section */

/* Begin XCBuildConfiguration section */
		C59470931A0A71EC004F809D /* Debug */ = {
			isa = XCBuildConfiguration;
			buildSettings = {
				ALWAYS_SEARCH_USER_PATHS = NO;
				CLANG_CXX_LANGUAGE_STANDARD = "gnu++0x";
				CLANG_CXX_LIBRARY = "libc++";
				CLANG_ENABLE_MODULES = YES;
				CLANG_ENABLE_OBJC_ARC = YES;
				CLANG_WARN_BOOL_CONVERSION = YES;
				CLANG_WARN_CONSTANT_CONVERSION = YES;
				CLANG_WARN_DIRECT_OBJC_ISA_USAGE = YES_ERROR;
				CLANG_WARN_EMPTY_BODY = YES;
				CLANG_WARN_ENUM_CONVERSION = YES;
				CLANG_WARN_INT_CONVERSION = YES;
				CLANG_WARN_OBJC_ROOT_CLASS = YES_ERROR;
				CLANG_WARN_UNREACHABLE_CODE = YES;
				CLANG_WARN__DUPLICATE_METHOD_MATCH = YES;
				"CODE_SIGN_IDENTITY[sdk=iphoneos*]" = "iPhone Developer";
				COPY_PHASE_STRIP = NO;
				ENABLE_STRICT_OBJC_MSGSEND = YES;
				GCC_C_LANGUAGE_STANDARD = gnu99;
				GCC_DYNAMIC_NO_PIC = NO;
				GCC_OPTIMIZATION_LEVEL = 0;
				GCC_PREPROCESSOR_DEFINITIONS = (
					"DEBUG=1",
					"$(inherited)",
				);
				GCC_SYMBOLS_PRIVATE_EXTERN = NO;
				GCC_WARN_64_TO_32_BIT_CONVERSION = YES;
				GCC_WARN_ABOUT_RETURN_TYPE = YES_ERROR;
				GCC_WARN_UNDECLARED_SELECTOR = YES;
				GCC_WARN_UNINITIALIZED_AUTOS = YES_AGGRESSIVE;
				GCC_WARN_UNUSED_FUNCTION = YES;
				GCC_WARN_UNUSED_VARIABLE = YES;
				IPHONEOS_DEPLOYMENT_TARGET = 8.1;
				MTL_ENABLE_DEBUG_INFO = YES;
				ONLY_ACTIVE_ARCH = YES;
				SDKROOT = iphoneos;
				SWIFT_OPTIMIZATION_LEVEL = "-Onone";
				TARGETED_DEVICE_FAMILY = "1,2";
			};
			name = Debug;
		};
		C59470941A0A71EC004F809D /* Release */ = {
			isa = XCBuildConfiguration;
			buildSettings = {
				ALWAYS_SEARCH_USER_PATHS = NO;
				CLANG_CXX_LANGUAGE_STANDARD = "gnu++0x";
				CLANG_CXX_LIBRARY = "libc++";
				CLANG_ENABLE_MODULES = YES;
				CLANG_ENABLE_OBJC_ARC = YES;
				CLANG_WARN_BOOL_CONVERSION = YES;
				CLANG_WARN_CONSTANT_CONVERSION = YES;
				CLANG_WARN_DIRECT_OBJC_ISA_USAGE = YES_ERROR;
				CLANG_WARN_EMPTY_BODY = YES;
				CLANG_WARN_ENUM_CONVERSION = YES;
				CLANG_WARN_INT_CONVERSION = YES;
				CLANG_WARN_OBJC_ROOT_CLASS = YES_ERROR;
				CLANG_WARN_UNREACHABLE_CODE = YES;
				CLANG_WARN__DUPLICATE_METHOD_MATCH = YES;
				"CODE_SIGN_IDENTITY[sdk=iphoneos*]" = "iPhone Developer";
				COPY_PHASE_STRIP = YES;
				ENABLE_NS_ASSERTIONS = NO;
				ENABLE_STRICT_OBJC_MSGSEND = YES;
				GCC_C_LANGUAGE_STANDARD = gnu99;
				GCC_WARN_64_TO_32_BIT_CONVERSION = YES;
				GCC_WARN_ABOUT_RETURN_TYPE = YES_ERROR;
				GCC_WARN_UNDECLARED_SELECTOR = YES;
				GCC_WARN_UNINITIALIZED_AUTOS = YES_AGGRESSIVE;
				GCC_WARN_UNUSED_FUNCTION = YES;
				GCC_WARN_UNUSED_VARIABLE = YES;
				IPHONEOS_DEPLOYMENT_TARGET = 8.1;
				MTL_ENABLE_DEBUG_INFO = NO;
				SDKROOT = iphoneos;
				TARGETED_DEVICE_FAMILY = "1,2";
				VALIDATE_PRODUCT = YES;
			};
			name = Release;
		};
		C59470961A0A71EC004F809D /* Debug */ = {
			isa = XCBuildConfiguration;
			buildSettings = {
				ASSETCATALOG_COMPILER_APPICON_NAME = AppIcon;
				INFOPLIST_FILE = Postcard/Info.plist;
				LD_RUNPATH_SEARCH_PATHS = "$(inherited) @executable_path/Frameworks";
				PRODUCT_NAME = "$(TARGET_NAME)";
			};
			name = Debug;
		};
		C59470971A0A71EC004F809D /* Release */ = {
			isa = XCBuildConfiguration;
			buildSettings = {
				ASSETCATALOG_COMPILER_APPICON_NAME = AppIcon;
				INFOPLIST_FILE = Postcard/Info.plist;
				LD_RUNPATH_SEARCH_PATHS = "$(inherited) @executable_path/Frameworks";
				PRODUCT_NAME = "$(TARGET_NAME)";
			};
			name = Release;
		};
		C59470991A0A71EC004F809D /* Debug */ = {
			isa = XCBuildConfiguration;
			buildSettings = {
				BUNDLE_LOADER = "$(TEST_HOST)";
				FRAMEWORK_SEARCH_PATHS = (
					"$(SDKROOT)/Developer/Library/Frameworks",
					"$(inherited)",
				);
				GCC_PREPROCESSOR_DEFINITIONS = (
					"DEBUG=1",
					"$(inherited)",
				);
				INFOPLIST_FILE = PostcardTests/Info.plist;
				LD_RUNPATH_SEARCH_PATHS = "$(inherited) @executable_path/Frameworks @loader_path/Frameworks";
				PRODUCT_NAME = "$(TARGET_NAME)";
				TEST_HOST = "$(BUILT_PRODUCTS_DIR)/Postcard.app/Postcard";
			};
			name = Debug;
		};
		C594709A1A0A71EC004F809D /* Release */ = {
			isa = XCBuildConfiguration;
			buildSettings = {
				BUNDLE_LOADER = "$(TEST_HOST)";
				FRAMEWORK_SEARCH_PATHS = (
					"$(SDKROOT)/Developer/Library/Frameworks",
					"$(inherited)",
				);
				INFOPLIST_FILE = PostcardTests/Info.plist;
				LD_RUNPATH_SEARCH_PATHS = "$(inherited) @executable_path/Frameworks @loader_path/Frameworks";
				PRODUCT_NAME = "$(TARGET_NAME)";
				TEST_HOST = "$(BUILT_PRODUCTS_DIR)/Postcard.app/Postcard";
			};
			name = Release;
		};
/* End XCBuildConfiguration section */

/* Begin XCConfigurationList section */
		C59470711A0A71EB004F809D /* Build configuration list for PBXProject "Postcard" */ = {
			isa = XCConfigurationList;
			buildConfigurations = (
				C59470931A0A71EC004F809D /* Debug */,
				C59470941A0A71EC004F809D /* Release */,
			);
			defaultConfigurationIsVisible = 0;
			defaultConfigurationName = Release;
		};
		C59470951A0A71EC004F809D /* Build configuration list for PBXNativeTarget "Postcard" */ = {
			isa = XCConfigurationList;
			buildConfigurations = (
				C59470961A0A71EC004F809D /* Debug */,
				C59470971A0A71EC004F809D /* Release */,
			);
			defaultConfigurationIsVisible = 0;
		};
		C59470981A0A71EC004F809D /* Build configuration list for PBXNativeTarget "PostcardTests" */ = {
			isa = XCConfigurationList;
			buildConfigurations = (
				C59470991A0A71EC004F809D /* Debug */,
				C594709A1A0A71EC004F809D /* Release */,
			);
			defaultConfigurationIsVisible = 0;
		};
/* End XCConfigurationList section */
	};
	rootObject = C594706E1A0A71EB004F809D /* Project object */;
}
